
Microsoft Visual Studio Solution File, Format Version 12.00
# Visual Studio 15
VisualStudioVersion = 15.0.26730.16
MinimumVisualStudioVersion = 10.0.40219.1
Project("{FAE04EC0-301F-11D3-BF4B-00C04F79EFBC}") = "GZipTest", "GZipTest\GZipTest.csproj", "{79B7DA99-BE49-46CD-8FAF-CBF9E70E617E}"
EndProject
Global
	GlobalSection(SolutionConfigurationPlatforms) = preSolution
		Debug|Any CPU = Debug|Any CPU
		Release|Any CPU = Release|Any CPU
	EndGlobalSection
	GlobalSection(ProjectConfigurationPlatforms) = postSolution
		{79B7DA99-BE49-46CD-8FAF-CBF9E70E617E}.Debug|Any CPU.ActiveCfg = Debug|Any CPU
		{79B7DA99-BE49-46CD-8FAF-CBF9E70E617E}.Debug|Any CPU.Build.0 = Debug|Any CPU
		{79B7DA99-BE49-46CD-8FAF-CBF9E70E617E}.Release|Any CPU.ActiveCfg = Release|Any CPU
		{79B7DA99-BE49-46CD-8FAF-CBF9E70E617E}.Release|Any CPU.Build.0 = Release|Any CPU
	EndGlobalSection
	GlobalSection(SolutionProperties) = preSolution
		HideSolutionNode = FALSE
	EndGlobalSection
	GlobalSection(ExtensibilityGlobals) = postSolution
		SolutionGuid = {82656F77-3409-402B-A135-54FD524EF390}
	EndGlobalSection
EndGlobal
